
Microsoft Visual Studio Solution File, Format Version 12.00
# Visual Studio Version 17
VisualStudioVersion = 17.5.33424.131
MinimumVisualStudioVersion = 10.0.40219.1
Project("{9A19103F-16F7-4668-BE54-9A1E7A4F7556}") = "DotNetBenchmarking", "DotNetBenchmarking\DotNetBenchmarking.csproj", "{4F1BBB49-0536-4E77-9719-D760CC8ECBFA}"
EndProject
Project("{FAE04EC0-301F-11D3-BF4B-00C04F79EFBC}") = "DotNetBenchmarking.UnitTests", "DotNetBenchmarking.UnitTests\DotNetBenchmarking.UnitTests.csproj", "{D2CFA0DD-347C-4FCE-9EBC-6210CDA66DBB}"
EndProject
Global
	GlobalSection(SolutionConfigurationPlatforms) = preSolution
		Debug|Any CPU = Debug|Any CPU
		Release|Any CPU = Release|Any CPU
	EndGlobalSection
	GlobalSection(ProjectConfigurationPlatforms) = postSolution
		{4F1BBB49-0536-4E77-9719-D760CC8ECBFA}.Debug|Any CPU.ActiveCfg = Debug|Any CPU
		{4F1BBB49-0536-4E77-9719-D760CC8ECBFA}.Debug|Any CPU.Build.0 = Debug|Any CPU
		{4F1BBB49-0536-4E77-9719-D760CC8ECBFA}.Release|Any CPU.ActiveCfg = Release|Any CPU
		{4F1BBB49-0536-4E77-9719-D760CC8ECBFA}.Release|Any CPU.Build.0 = Release|Any CPU
		{D2CFA0DD-347C-4FCE-9EBC-6210CDA66DBB}.Debug|Any CPU.ActiveCfg = Debug|Any CPU
		{D2CFA0DD-347C-4FCE-9EBC-6210CDA66DBB}.Debug|Any CPU.Build.0 = Debug|Any CPU
		{D2CFA0DD-347C-4FCE-9EBC-6210CDA66DBB}.Release|Any CPU.ActiveCfg = Release|Any CPU
		{D2CFA0DD-347C-4FCE-9EBC-6210CDA66DBB}.Release|Any CPU.Build.0 = Release|Any CPU
	EndGlobalSection
	GlobalSection(SolutionProperties) = preSolution
		HideSolutionNode = FALSE
	EndGlobalSection
	GlobalSection(ExtensibilityGlobals) = postSolution
		SolutionGuid = {D9DFA428-FD16-4D26-A8A9-9268C665E61C}
	EndGlobalSection
EndGlobal
